
Microsoft Visual Studio Solution File, Format Version 12.00
# Visual Studio Version 16
VisualStudioVersion = 16.0.31005.135
MinimumVisualStudioVersion = 10.0.40219.1
Project("{FAE04EC0-301F-11D3-BF4B-00C04F79EFBC}") = "AppIMCFatec2021.UWP", "AppIMCFatec2021\AppIMCFatec2021.UWP\AppIMCFatec2021.UWP.csproj", "{F9B1B602-5BB1-434E-9D41-9CCC6BFAE21F}"
EndProject
Project("{FAE04EC0-301F-11D3-BF4B-00C04F79EFBC}") = "AppIMCFatec2021.Android", "AppIMCFatec2021\AppIMCFatec2021.Android\AppIMCFatec2021.Android.csproj", "{8B7233D0-4EB7-4997-98E8-11C7847EA60C}"
EndProject
Project("{FAE04EC0-301F-11D3-BF4B-00C04F79EFBC}") = "AppIMCFatec2021.iOS", "AppIMCFatec2021\AppIMCFatec2021.iOS\AppIMCFatec2021.iOS.csproj", "{796390AC-C620-47B0-8B42-4DD70371B658}"
EndProject
Project("{FAE04EC0-301F-11D3-BF4B-00C04F79EFBC}") = "AppIMCFatec2021", "AppIMCFatec2021\AppIMCFatec2021\AppIMCFatec2021.csproj", "{26DE1C09-7749-43DE-AE8A-38AB82D58236}"
EndProject
Global
	GlobalSection(SolutionConfigurationPlatforms) = preSolution
		Debug|Any CPU = Debug|Any CPU
		Debug|ARM = Debug|ARM
		Debug|iPhone = Debug|iPhone
		Debug|iPhoneSimulator = Debug|iPhoneSimulator
		Debug|x64 = Debug|x64
		Debug|x86 = Debug|x86
		Release|Any CPU = Release|Any CPU
		Release|ARM = Release|ARM
		Release|iPhone = Release|iPhone
		Release|iPhoneSimulator = Release|iPhoneSimulator
		Release|x64 = Release|x64
		Release|x86 = Release|x86
	EndGlobalSection
	GlobalSection(ProjectConfigurationPlatforms) = postSolution
		{F9B1B602-5BB1-434E-9D41-9CCC6BFAE21F}.Debug|Any CPU.ActiveCfg = Debug|x86
		{F9B1B602-5BB1-434E-9D41-9CCC6BFAE21F}.Debug|Any CPU.Build.0 = Debug|x86
		{F9B1B602-5BB1-434E-9D41-9CCC6BFAE21F}.Debug|Any CPU.Deploy.0 = Debug|x86
		{F9B1B602-5BB1-434E-9D41-9CCC6BFAE21F}.Debug|ARM.ActiveCfg = Debug|ARM
		{F9B1B602-5BB1-434E-9D41-9CCC6BFAE21F}.Debug|ARM.Build.0 = Debug|ARM
		{F9B1B602-5BB1-434E-9D41-9CCC6BFAE21F}.Debug|ARM.Deploy.0 = Debug|ARM
		{F9B1B602-5BB1-434E-9D41-9CCC6BFAE21F}.Debug|iPhone.ActiveCfg = Debug|x86
		{F9B1B602-5BB1-434E-9D41-9CCC6BFAE21F}.Debug|iPhone.Build.0 = Debug|x86
		{F9B1B602-5BB1-434E-9D41-9CCC6BFAE21F}.Debug|iPhone.Deploy.0 = Debug|x86
		{F9B1B602-5BB1-434E-9D41-9CCC6BFAE21F}.Debug|iPhoneSimulator.ActiveCfg = Debug|x86
		{F9B1B602-5BB1-434E-9D41-9CCC6BFAE21F}.Debug|iPhoneSimulator.Build.0 = Debug|x86
		{F9B1B602-5BB1-434E-9D41-9CCC6BFAE21F}.Debug|iPhoneSimulator.Deploy.0 = Debug|x86
		{F9B1B602-5BB1-434E-9D41-9CCC6BFAE21F}.Debug|x64.ActiveCfg = Debug|x64
		{F9B1B602-5BB1-434E-9D41-9CCC6BFAE21F}.Debug|x64.Build.0 = Debug|x64
		{F9B1B602-5BB1-434E-9D41-9CCC6BFAE21F}.Debug|x64.Deploy.0 = Debug|x64
		{F9B1B602-5BB1-434E-9D41-9CCC6BFAE21F}.Debug|x86.ActiveCfg = Debug|x86
		{F9B1B602-5BB1-434E-9D41-9CCC6BFAE21F}.Debug|x86.Build.0 = Debug|x86
		{F9B1B602-5BB1-434E-9D41-9CCC6BFAE21F}.Debug|x86.Deploy.0 = Debug|x86
		{F9B1B602-5BB1-434E-9D41-9CCC6BFAE21F}.Release|Any CPU.ActiveCfg = Release|x86
		{F9B1B602-5BB1-434E-9D41-9CCC6BFAE21F}.Release|Any CPU.Build.0 = Release|x86
		{F9B1B602-5BB1-434E-9D41-9CCC6BFAE21F}.Release|Any CPU.Deploy.0 = Release|x86
		{F9B1B602-5BB1-434E-9D41-9CCC6BFAE21F}.Release|ARM.ActiveCfg = Release|ARM
		{F9B1B602-5BB1-434E-9D41-9CCC6BFAE21F}.Release|ARM.Build.0 = Release|ARM
		{F9B1B602-5BB1-434E-9D41-9CCC6BFAE21F}.Release|ARM.Deploy.0 = Release|ARM
		{F9B1B602-5BB1-434E-9D41-9CCC6BFAE21F}.Release|iPhone.ActiveCfg = Release|x86
		{F9B1B602-5BB1-434E-9D41-9CCC6BFAE21F}.Release|iPhone.Build.0 = Release|x86
		{F9B1B602-5BB1-434E-9D41-9CCC6BFAE21F}.Release|iPhone.Deploy.0 = Release|x86
		{F9B1B602-5BB1-434E-9D41-9CCC6BFAE21F}.Release|iPhoneSimulator.ActiveCfg = Release|x86
		{F9B1B602-5BB1-434E-9D41-9CCC6BFAE21F}.Release|iPhoneSimulator.Build.0 = Release|x86
		{F9B1B602-5BB1-434E-9D41-9CCC6BFAE21F}.Release|iPhoneSimulator.Deploy.0 = Release|x86
		{F9B1B602-5BB1-434E-9D41-9CCC6BFAE21F}.Release|x64.ActiveCfg = Release|x64
		{F9B1B602-5BB1-434E-9D41-9CCC6BFAE21F}.Release|x64.Build.0 = Release|x64
		{F9B1B602-5BB1-434E-9D41-9CCC6BFAE21F}.Release|x64.Deploy.0 = Release|x64
		{F9B1B602-5BB1-434E-9D41-9CCC6BFAE21F}.Release|x86.ActiveCfg = Release|x86
		{F9B1B602-5BB1-434E-9D41-9CCC6BFAE21F}.Release|x86.Build.0 = Release|x86
		{F9B1B602-5BB1-434E-9D41-9CCC6BFAE21F}.Release|x86.Deploy.0 = Release|x86
		{8B7233D0-4EB7-4997-98E8-11C7847EA60C}.Debug|Any CPU.ActiveCfg = Debug|Any CPU
		{8B7233D0-4EB7-4997-98E8-11C7847EA60C}.Debug|Any CPU.Build.0 = Debug|Any CPU
		{8B7233D0-4EB7-4997-98E8-11C7847EA60C}.Debug|Any CPU.Deploy.0 = Debug|Any CPU
		{8B7233D0-4EB7-4997-98E8-11C7847EA60C}.Debug|ARM.ActiveCfg = Debug|Any CPU
		{8B7233D0-4EB7-4997-98E8-11C7847EA60C}.Debug|ARM.Build.0 = Debug|Any CPU
		{8B7233D0-4EB7-4997-98E8-11C7847EA60C}.Debug|ARM.Deploy.0 = Debug|Any CPU
		{8B7233D0-4EB7-4997-98E8-11C7847EA60C}.Debug|iPhone.ActiveCfg = Debug|Any CPU
		{8B7233D0-4EB7-4997-98E8-11C7847EA60C}.Debug|iPhone.Build.0 = Debug|Any CPU
		{8B7233D0-4EB7-4997-98E8-11C7847EA60C}.Debug|iPhone.Deploy.0 = Debug|Any CPU
		{8B7233D0-4EB7-4997-98E8-11C7847EA60C}.Debug|iPhoneSimulator.ActiveCfg = Debug|Any CPU
		{8B7233D0-4EB7-4997-98E8-11C7847EA60C}.Debug|iPhoneSimulator.Build.0 = Debug|Any CPU
		{8B7233D0-4EB7-4997-98E8-11C7847EA60C}.Debug|iPhoneSimulator.Deploy.0 = Debug|Any CPU
		{8B7233D0-4EB7-4997-98E8-11C7847EA60C}.Debug|x64.ActiveCfg = Debug|Any CPU
		{8B7233D0-4EB7-4997-98E8-11C7847EA60C}.Debug|x64.Build.0 = Debug|Any CPU
		{8B7233D0-4EB7-4997-98E8-11C7847EA60C}.Debug|x64.Deploy.0 = Debug|Any CPU
		{8B7233D0-4EB7-4997-98E8-11C7847EA60C}.Debug|x86.ActiveCfg = Debug|Any CPU
		{8B7233D0-4EB7-4997-98E8-11C7847EA60C}.Debug|x86.Build.0 = Debug|Any CPU
		{8B7233D0-4EB7-4997-98E8-11C7847EA60C}.Debug|x86.Deploy.0 = Debug|Any CPU
		{8B7233D0-4EB7-4997-98E8-11C7847EA60C}.Release|Any CPU.ActiveCfg = Release|Any CPU
		{8B7233D0-4EB7-4997-98E8-11C7847EA60C}.Release|Any CPU.Build.0 = Release|Any CPU
		{8B7233D0-4EB7-4997-98E8-11C7847EA60C}.Release|Any CPU.Deploy.0 = Release|Any CPU
		{8B7233D0-4EB7-4997-98E8-11C7847EA60C}.Release|ARM.ActiveCfg = Release|Any CPU
		{8B7233D0-4EB7-4997-98E8-11C7847EA60C}.Release|ARM.Build.0 = Release|Any CPU
		{8B7233D0-4EB7-4997-98E8-11C7847EA60C}.Release|ARM.Deploy.0 = Release|Any CPU
		{8B7233D0-4EB7-4997-98E8-11C7847EA60C}.Release|iPhone.ActiveCfg = Release|Any CPU
		{8B7233D0-4EB7-4997-98E8-11C7847EA60C}.Release|iPhone.Build.0 = Release|Any CPU
		{8B7233D0-4EB7-4997-98E8-11C7847EA60C}.Release|iPhone.Deploy.0 = Release|Any CPU
		{8B7233D0-4EB7-4997-98E8-11C7847EA60C}.Release|iPhoneSimulator.ActiveCfg = Release|Any CPU
		{8B7233D0-4EB7-4997-98E8-11C7847EA60C}.Release|iPhoneSimulator.Build.0 = Release|Any CPU
		{8B7233D0-4EB7-4997-98E8-11C7847EA60C}.Release|iPhoneSimulator.Deploy.0 = Release|Any CPU
		{8B7233D0-4EB7-4997-98E8-11C7847EA60C}.Release|x64.ActiveCfg = Release|Any CPU
		{8B7233D0-4EB7-4997-98E8-11C7847EA60C}.Release|x64.Build.0 = Release|Any CPU
		{8B7233D0-4EB7-4997-98E8-11C7847EA60C}.Release|x64.Deploy.0 = Release|Any CPU
		{8B7233D0-4EB7-4997-98E8-11C7847EA60C}.Release|x86.ActiveCfg = Release|Any CPU
		{8B7233D0-4EB7-4997-98E8-11C7847EA60C}.Release|x86.Build.0 = Release|Any CPU
		{8B7233D0-4EB7-4997-98E8-11C7847EA60C}.Release|x86.Deploy.0 = Release|Any CPU
		{796390AC-C620-47B0-8B42-4DD70371B658}.Debug|Any CPU.ActiveCfg = Debug|iPhoneSimulator
		{796390AC-C620-47B0-8B42-4DD70371B658}.Debug|Any CPU.Build.0 = Debug|iPhoneSimulator
		{796390AC-C620-47B0-8B42-4DD70371B658}.Debug|Any CPU.Deploy.0 = Debug|iPhoneSimulator
		{796390AC-C620-47B0-8B42-4DD70371B658}.Debug|ARM.ActiveCfg = Debug|iPhone
		{796390AC-C620-47B0-8B42-4DD70371B658}.Debug|ARM.Build.0 = Debug|iPhone
		{796390AC-C620-47B0-8B42-4DD70371B658}.Debug|ARM.Deploy.0 = Debug|iPhone
		{796390AC-C620-47B0-8B42-4DD70371B658}.Debug|iPhone.ActiveCfg = Debug|iPhone
		{796390AC-C620-47B0-8B42-4DD70371B658}.Debug|iPhone.Build.0 = Debug|iPhone
		{796390AC-C620-47B0-8B42-4DD70371B658}.Debug|iPhone.Deploy.0 = Debug|iPhone
		{796390AC-C620-47B0-8B42-4DD70371B658}.Debug|iPhoneSimulator.ActiveCfg = Debug|iPhoneSimulator
		{796390AC-C620-47B0-8B42-4DD70371B658}.Debug|iPhoneSimulator.Build.0 = Debug|iPhoneSimulator
		{796390AC-C620-47B0-8B42-4DD70371B658}.Debug|iPhoneSimulator.Deploy.0 = Debug|iPhoneSimulator
		{796390AC-C620-47B0-8B42-4DD70371B658}.Debug|x64.ActiveCfg = Debug|iPhoneSimulator
		{796390AC-C620-47B0-8B42-4DD70371B658}.Debug|x64.Build.0 = Debug|iPhoneSimulator
		{796390AC-C620-47B0-8B42-4DD70371B658}.Debug|x64.Deploy.0 = Debug|iPhoneSimulator
		{796390AC-C620-47B0-8B42-4DD70371B658}.Debug|x86.ActiveCfg = Debug|iPhoneSimulator
		{796390AC-C620-47B0-8B42-4DD70371B658}.Debug|x86.Build.0 = Debug|iPhoneSimulator
		{796390AC-C620-47B0-8B42-4DD70371B658}.Debug|x86.Deploy.0 = Debug|iPhoneSimulator
		{796390AC-C620-47B0-8B42-4DD70371B658}.Release|Any CPU.ActiveCfg = Release|iPhoneSimulator
		{796390AC-C620-47B0-8B42-4DD70371B658}.Release|Any CPU.Build.0 = Release|iPhoneSimulator
		{796390AC-C620-47B0-8B42-4DD70371B658}.Release|Any CPU.Deploy.0 = Release|iPhoneSimulator
		{796390AC-C620-47B0-8B42-4DD70371B658}.Release|ARM.ActiveCfg = Release|iPhoneSimulator
		{796390AC-C620-47B0-8B42-4DD70371B658}.Release|ARM.Build.0 = Release|iPhoneSimulator
		{796390AC-C620-47B0-8B42-4DD70371B658}.Release|ARM.Deploy.0 = Release|iPhoneSimulator
		{796390AC-C620-47B0-8B42-4DD70371B658}.Release|iPhone.ActiveCfg = Release|iPhone
		{796390AC-C620-47B0-8B42-4DD70371B658}.Release|iPhone.Build.0 = Release|iPhone
		{796390AC-C620-47B0-8B42-4DD70371B658}.Release|iPhone.Deploy.0 = Release|iPhone
		{796390AC-C620-47B0-8B42-4DD70371B658}.Release|iPhoneSimulator.ActiveCfg = Release|iPhoneSimulator
		{796390AC-C620-47B0-8B42-4DD70371B658}.Release|iPhoneSimulator.Build.0 = Release|iPhoneSimulator
		{796390AC-C620-47B0-8B42-4DD70371B658}.Release|iPhoneSimulator.Deploy.0 = Release|iPhoneSimulator
		{796390AC-C620-47B0-8B42-4DD70371B658}.Release|x64.ActiveCfg = Release|iPhoneSimulator
		{796390AC-C620-47B0-8B42-4DD70371B658}.Release|x64.Build.0 = Release|iPhoneSimulator
		{796390AC-C620-47B0-8B42-4DD70371B658}.Release|x64.Deploy.0 = Release|iPhoneSimulator
		{796390AC-C620-47B0-8B42-4DD70371B658}.Release|x86.ActiveCfg = Release|iPhoneSimulator
		{796390AC-C620-47B0-8B42-4DD70371B658}.Release|x86.Build.0 = Release|iPhoneSimulator
		{796390AC-C620-47B0-8B42-4DD70371B658}.Release|x86.Deploy.0 = Release|iPhoneSimulator
		{26DE1C09-7749-43DE-AE8A-38AB82D58236}.Debug|Any CPU.ActiveCfg = Debug|Any CPU
		{26DE1C09-7749-43DE-AE8A-38AB82D58236}.Debug|Any CPU.Build.0 = Debug|Any CPU
		{26DE1C09-7749-43DE-AE8A-38AB82D58236}.Debug|Any CPU.Deploy.0 = Debug|Any CPU
		{26DE1C09-7749-43DE-AE8A-38AB82D58236}.Debug|ARM.ActiveCfg = Debug|Any CPU
		{26DE1C09-7749-43DE-AE8A-38AB82D58236}.Debug|ARM.Build.0 = Debug|Any CPU
		{26DE1C09-7749-43DE-AE8A-38AB82D58236}.Debug|ARM.Deploy.0 = Debug|Any CPU
		{26DE1C09-7749-43DE-AE8A-38AB82D58236}.Debug|iPhone.ActiveCfg = Debug|Any CPU
		{26DE1C09-7749-43DE-AE8A-38AB82D58236}.Debug|iPhone.Build.0 = Debug|Any CPU
		{26DE1C09-7749-43DE-AE8A-38AB82D58236}.Debug|iPhone.Deploy.0 = Debug|Any CPU
		{26DE1C09-7749-43DE-AE8A-38AB82D58236}.Debug|iPhoneSimulator.ActiveCfg = Debug|Any CPU
		{26DE1C09-7749-43DE-AE8A-38AB82D58236}.Debug|iPhoneSimulator.Build.0 = Debug|Any CPU
		{26DE1C09-7749-43DE-AE8A-38AB82D58236}.Debug|iPhoneSimulator.Deploy.0 = Debug|Any CPU
		{26DE1C09-7749-43DE-AE8A-38AB82D58236}.Debug|x64.ActiveCfg = Debug|Any CPU
		{26DE1C09-7749-43DE-AE8A-38AB82D58236}.Debug|x64.Build.0 = Debug|Any CPU
		{26DE1C09-7749-43DE-AE8A-38AB82D58236}.Debug|x64.Deploy.0 = Debug|Any CPU
		{26DE1C09-7749-43DE-AE8A-38AB82D58236}.Debug|x86.ActiveCfg = Debug|Any CPU
		{26DE1C09-7749-43DE-AE8A-38AB82D58236}.Debug|x86.Build.0 = Debug|Any CPU
		{26DE1C09-7749-43DE-AE8A-38AB82D58236}.Debug|x86.Deploy.0 = Debug|Any CPU
		{26DE1C09-7749-43DE-AE8A-38AB82D58236}.Release|Any CPU.ActiveCfg = Release|Any CPU
		{26DE1C09-7749-43DE-AE8A-38AB82D58236}.Release|Any CPU.Build.0 = Release|Any CPU
		{26DE1C09-7749-43DE-AE8A-38AB82D58236}.Release|Any CPU.Deploy.0 = Release|Any CPU
		{26DE1C09-7749-43DE-AE8A-38AB82D58236}.Release|ARM.ActiveCfg = Release|Any CPU
		{26DE1C09-7749-43DE-AE8A-38AB82D58236}.Release|ARM.Build.0 = Release|Any CPU
		{26DE1C09-7749-43DE-AE8A-38AB82D58236}.Release|ARM.Deploy.0 = Release|Any CPU
		{26DE1C09-7749-43DE-AE8A-38AB82D58236}.Release|iPhone.ActiveCfg = Release|Any CPU
		{26DE1C09-7749-43DE-AE8A-38AB82D58236}.Release|iPhone.Build.0 = Release|Any CPU
		{26DE1C09-7749-43DE-AE8A-38AB82D58236}.Release|iPhone.Deploy.0 = Release|Any CPU
		{26DE1C09-7749-43DE-AE8A-38AB82D58236}.Release|iPhoneSimulator.ActiveCfg = Release|Any CPU
		{26DE1C09-7749-43DE-AE8A-38AB82D58236}.Release|iPhoneSimulator.Build.0 = Release|Any CPU
		{26DE1C09-7749-43DE-AE8A-38AB82D58236}.Release|iPhoneSimulator.Deploy.0 = Release|Any CPU
		{26DE1C09-7749-43DE-AE8A-38AB82D58236}.Release|x64.ActiveCfg = Release|Any CPU
		{26DE1C09-7749-43DE-AE8A-38AB82D58236}.Release|x64.Build.0 = Release|Any CPU
		{26DE1C09-7749-43DE-AE8A-38AB82D58236}.Release|x64.Deploy.0 = Release|Any CPU
		{26DE1C09-7749-43DE-AE8A-38AB82D58236}.Release|x86.ActiveCfg = Release|Any CPU
		{26DE1C09-7749-43DE-AE8A-38AB82D58236}.Release|x86.Build.0 = Release|Any CPU
		{26DE1C09-7749-43DE-AE8A-38AB82D58236}.Release|x86.Deploy.0 = Release|Any CPU
	EndGlobalSection
	GlobalSection(SolutionProperties) = preSolution
		HideSolutionNode = FALSE
	EndGlobalSection
	GlobalSection(ExtensibilityGlobals) = postSolution
		SolutionGuid = {6A2D6E93-FC56-420D-A8D5-3E8C06CC352E}
	EndGlobalSection
EndGlobal
